<?xml version="1.0" encoding="utf-8"?>
<Project ToolsVersion="4.0" xmlns="http://schemas.microsoft.com/developer/msbuild/2003">
  <ItemGroup>
    <Filter Include="Latte">
      <UniqueIdentifier>{FF73950D-6B88-BDBE-340A-611EA0DDB9EF}</UniqueIdentifier>
    </Filter>
    <Filter Include="Latte\Events">
      <UniqueIdentifier>{d657ce41-e871-4679-a413-4c669313117b}</UniqueIdentifier>
    </Filter>
  </ItemGroup>
  <ItemGroup>
    <ClInclude Include="src\Latte.h" />
    <ClInclude Include="src\Latte\Application.h">
      <Filter>Latte</Filter>
    </ClInclude>
    <ClInclude Include="src\Latte\Core.h">
      <Filter>Latte</Filter>
    </ClInclude>
    <ClInclude Include="src\Latte\EntryPoint.h">
      <Filter>Latte</Filter>
    </ClInclude>
    <ClInclude Include="src\Latte\Log.h">
      <Filter>Latte</Filter>
    </ClInclude>
    <ClInclude Include="ApplicationEvent.h">
      <Filter>Latte\Events</Filter>
    </ClInclude>
    <ClInclude Include="Event.h">
      <Filter>Latte\Events</Filter>
    </ClInclude>
    <ClInclude Include="KeyEvent.h">
      <Filter>Latte\Events</Filter>
    </ClInclude>
    <ClInclude Include="MouseEvent.h">
      <Filter>Latte\Events</Filter>
    </ClInclude>
  </ItemGroup>
  <ItemGroup>
    <ClCompile Include="src\Latte\Application.cpp">
      <Filter>Latte</Filter>
    </ClCompile>
    <ClCompile Include="src\Latte\Log.cpp">
      <Filter>Latte</Filter>
    </ClCompile>
  </ItemGroup>
</Project>