<?xml version="1.0" encoding="utf-8"?>
<Project ToolsVersion="4.0" xmlns="http://schemas.microsoft.com/developer/msbuild/2003">
  <ItemGroup>
    <Filter Include="Latte">
      <UniqueIdentifier>{FF73950D-6B88-BDBE-340A-611EA0DDB9EF}</UniqueIdentifier>
    </Filter>
    <Filter Include="Latte\Events">
      <UniqueIdentifier>{03CB9E07-EF2D-2EAC-98B3-666284F5F92E}</UniqueIdentifier>
    </Filter>
  </ItemGroup>
  <ItemGroup>
    <ClInclude Include="src\Latte.h" />
    <ClInclude Include="src\Latte\Application.h">
      <Filter>Latte</Filter>
    </ClInclude>
    <ClInclude Include="src\Latte\Core.h">
      <Filter>Latte</Filter>
    </ClInclude>
    <ClInclude Include="src\Latte\EntryPoint.h">
      <Filter>Latte</Filter>
    </ClInclude>
    <ClInclude Include="src\Latte\Events\ApplicationEvent.h">
      <Filter>Latte\Events</Filter>
    </ClInclude>
    <ClInclude Include="src\Latte\Events\Event.h">
      <Filter>Latte\Events</Filter>
    </ClInclude>
    <ClInclude Include="src\Latte\Events\KeyEvent.h">
      <Filter>Latte\Events</Filter>
    </ClInclude>
    <ClInclude Include="src\Latte\Events\MouseEvent.h">
      <Filter>Latte\Events</Filter>
    </ClInclude>
    <ClInclude Include="src\Latte\Log.h">
      <Filter>Latte</Filter>
    </ClInclude>
    <ClInclude Include="vendor\spdlog\bench\utils.h" />
    <ClInclude Include="vendor\spdlog\example\utils.h" />
    <ClInclude Include="vendor\spdlog\include\spdlog\details\async_logger_impl.h" />
    <ClInclude Include="vendor\spdlog\include\spdlog\details\circular_q.h" />
    <ClInclude Include="vendor\spdlog\include\spdlog\details\console_globals.h" />
    <ClInclude Include="vendor\spdlog\include\spdlog\details\file_helper.h" />
    <ClInclude Include="vendor\spdlog\include\spdlog\details\fmt_helper.h" />
    <ClInclude Include="vendor\spdlog\include\spdlog\details\log_msg.h" />
    <ClInclude Include="vendor\spdlog\include\spdlog\details\logger_impl.h" />
    <ClInclude Include="vendor\spdlog\include\spdlog\details\mpmc_blocking_q.h" />
    <ClInclude Include="vendor\spdlog\include\spdlog\details\null_mutex.h" />
    <ClInclude Include="vendor\spdlog\include\spdlog\details\os.h" />
    <ClInclude Include="vendor\spdlog\include\spdlog\details\pattern_formatter.h" />
    <ClInclude Include="vendor\spdlog\include\spdlog\details\periodic_worker.h" />
    <ClInclude Include="vendor\spdlog\include\spdlog\details\registry.h" />
    <ClInclude Include="vendor\spdlog\include\spdlog\details\thread_pool.h" />
    <ClInclude Include="vendor\spdlog\include\spdlog\fmt\bundled\chrono.h" />
    <ClInclude Include="vendor\spdlog\include\spdlog\fmt\bundled\color.h" />
    <ClInclude Include="vendor\spdlog\include\spdlog\fmt\bundled\core.h" />
    <ClInclude Include="vendor\spdlog\include\spdlog\fmt\bundled\format.h" />
    <ClInclude Include="vendor\spdlog\include\spdlog\fmt\bundled\format-inl.h" />
    <ClInclude Include="vendor\spdlog\include\spdlog\fmt\bundled\locale.h" />
    <ClInclude Include="vendor\spdlog\include\spdlog\fmt\bundled\ostream.h" />
    <ClInclude Include="vendor\spdlog\include\spdlog\fmt\bundled\posix.h" />
    <ClInclude Include="vendor\spdlog\include\spdlog\fmt\bundled\printf.h" />
    <ClInclude Include="vendor\spdlog\include\spdlog\fmt\bundled\ranges.h" />
    <ClInclude Include="vendor\spdlog\include\spdlog\fmt\bundled\time.h" />
    <ClInclude Include="vendor\spdlog\include\spdlog\fmt\bin_to_hex.h" />
    <ClInclude Include="vendor\spdlog\include\spdlog\fmt\fmt.h" />
    <ClInclude Include="vendor\spdlog\include\spdlog\fmt\ostr.h" />
    <ClInclude Include="vendor\spdlog\include\spdlog\sinks\android_sink.h" />
    <ClInclude Include="vendor\spdlog\include\spdlog\sinks\ansicolor_sink.h" />
    <ClInclude Include="vendor\spdlog\include\spdlog\sinks\base_sink.h" />
    <ClInclude Include="vendor\spdlog\include\spdlog\sinks\basic_file_sink.h" />
    <ClInclude Include="vendor\spdlog\include\spdlog\sinks\daily_file_sink.h" />
    <ClInclude Include="vendor\spdlog\include\spdlog\sinks\dist_sink.h" />
    <ClInclude Include="vendor\spdlog\include\spdlog\sinks\msvc_sink.h" />
    <ClInclude Include="vendor\spdlog\include\spdlog\sinks\null_sink.h" />
    <ClInclude Include="vendor\spdlog\include\spdlog\sinks\ostream_sink.h" />
    <ClInclude Include="vendor\spdlog\include\spdlog\sinks\rotating_file_sink.h" />
    <ClInclude Include="vendor\spdlog\include\spdlog\sinks\sink.h" />
    <ClInclude Include="vendor\spdlog\include\spdlog\sinks\stdout_color_sinks.h" />
    <ClInclude Include="vendor\spdlog\include\spdlog\sinks\stdout_sinks.h" />
    <ClInclude Include="vendor\spdlog\include\spdlog\sinks\syslog_sink.h" />
    <ClInclude Include="vendor\spdlog\include\spdlog\sinks\wincolor_sink.h" />
    <ClInclude Include="vendor\spdlog\include\spdlog\async.h" />
    <ClInclude Include="vendor\spdlog\include\spdlog\async_logger.h" />
    <ClInclude Include="vendor\spdlog\include\spdlog\common.h" />
    <ClInclude Include="vendor\spdlog\include\spdlog\formatter.h" />
    <ClInclude Include="vendor\spdlog\include\spdlog\logger.h" />
    <ClInclude Include="vendor\spdlog\include\spdlog\spdlog.h" />
    <ClInclude Include="vendor\spdlog\include\spdlog\tweakme.h" />
    <ClInclude Include="vendor\spdlog\include\spdlog\version.h" />
    <ClInclude Include="vendor\spdlog\tests\catch.hpp" />
    <ClInclude Include="vendor\spdlog\tests\includes.h" />
    <ClInclude Include="vendor\spdlog\tests\test_sink.h" />
    <ClInclude Include="vendor\spdlog\tests\utils.h" />
    <ClInclude Include="src\Latte\ltpch.h" />
  </ItemGroup>
  <ItemGroup>
    <ClCompile Include="src\Latte\Application.cpp">
      <Filter>Latte</Filter>
    </ClCompile>
    <ClCompile Include="src\Latte\Log.cpp">
      <Filter>Latte</Filter>
    </ClCompile>
    <ClCompile Include="vendor\spdlog\bench\async_bench.cpp" />
    <ClCompile Include="vendor\spdlog\bench\bench.cpp" />
    <ClCompile Include="vendor\spdlog\bench\formatter-bench.cpp" />
    <ClCompile Include="vendor\spdlog\bench\latency.cpp" />
    <ClCompile Include="vendor\spdlog\example\jni\example.cpp" />
    <ClCompile Include="vendor\spdlog\example\example.cpp" />
    <ClCompile Include="vendor\spdlog\example\multisink.cpp" />
    <ClCompile Include="vendor\spdlog\tests\main.cpp" />
    <ClCompile Include="vendor\spdlog\tests\test_async.cpp" />
    <ClCompile Include="vendor\spdlog\tests\test_errors.cpp" />
    <ClCompile Include="vendor\spdlog\tests\test_file_helper.cpp" />
    <ClCompile Include="vendor\spdlog\tests\test_file_logging.cpp" />
    <ClCompile Include="vendor\spdlog\tests\test_fmt_helper.cpp" />
    <ClCompile Include="vendor\spdlog\tests\test_macros.cpp" />
    <ClCompile Include="vendor\spdlog\tests\test_misc.cpp" />
    <ClCompile Include="vendor\spdlog\tests\test_mpmc_q.cpp" />
    <ClCompile Include="vendor\spdlog\tests\test_pattern_formatter.cpp" />
    <ClCompile Include="vendor\spdlog\tests\test_registry.cpp" />
    <ClCompile Include="vendor\spdlog\tests\utils.cpp" />
    <ClCompile Include="src\Latte\ltpch.cpp" />
  </ItemGroup>
</Project>