<?xml version="1.0" encoding="utf-8"?>
<Project ToolsVersion="4.0" xmlns="http://schemas.microsoft.com/developer/msbuild/2003">
  <ItemGroup>
    <Filter Include="Latte">
      <UniqueIdentifier>{FF73950D-6B88-BDBE-340A-611EA0DDB9EF}</UniqueIdentifier>
    </Filter>
    <Filter Include="Latte\Events">
      <UniqueIdentifier>{03CB9E07-EF2D-2EAC-98B3-666284F5F92E}</UniqueIdentifier>
    </Filter>
  </ItemGroup>
  <ItemGroup>
    <ClInclude Include="src\Latte.h" />
    <ClInclude Include="src\Latte\Application.h">
      <Filter>Latte</Filter>
    </ClInclude>
    <ClInclude Include="src\Latte\Core.h">
      <Filter>Latte</Filter>
    </ClInclude>
    <ClInclude Include="src\Latte\EntryPoint.h">
      <Filter>Latte</Filter>
    </ClInclude>
    <ClInclude Include="src\Latte\Events\ApplicationEvent.h">
      <Filter>Latte\Events</Filter>
    </ClInclude>
    <ClInclude Include="src\Latte\Events\Event.h">
      <Filter>Latte\Events</Filter>
    </ClInclude>
    <ClInclude Include="src\Latte\Events\KeyEvent.h">
      <Filter>Latte\Events</Filter>
    </ClInclude>
    <ClInclude Include="src\Latte\Events\MouseEvent.h">
      <Filter>Latte\Events</Filter>
    </ClInclude>
    <ClInclude Include="src\Latte\Log.h">
      <Filter>Latte</Filter>
    </ClInclude>
    <ClInclude Include="src\Latte\ltpch.h">
      <Filter>Latte</Filter>
    </ClInclude>
  </ItemGroup>
  <ItemGroup>
    <ClCompile Include="src\Latte\Application.cpp">
      <Filter>Latte</Filter>
    </ClCompile>
    <ClCompile Include="src\Latte\Log.cpp">
      <Filter>Latte</Filter>
    </ClCompile>
    <ClCompile Include="src\Latte\ltpch.cpp">
      <Filter>Latte</Filter>
    </ClCompile>
  </ItemGroup>
</Project>